// !$*UTF8*$!
{
	archiveVersion = 1;
	classes = {
	};
	objectVersion = 77;
	objects = {

/* Begin PBXBuildFile section */
		FA14EE6A2F879B0A006917FD /* EnginePrefs Extension.appex in Embed Foundation Extensions */ = {isa = PBXBuildFile; fileRef = FA14EE692F879B0A006917FD /* EnginePrefs Extension.appex */; settings = {ATTRIBUTES = (RemoveHeadersOnCopy, ); }; };
		FAC98A702FE32E9600DA38B6 /* EnginePrefs Extension macOS.appex in Embed Foundation Extensions */ = {isa = PBXBuildFile; fileRef = FAC98A692FE32E9600DA38B6 /* EnginePrefs Extension macOS.appex */; settings = {ATTRIBUTES = (RemoveHeadersOnCopy, ); }; };
/* End PBXBuildFile section */

/* Begin PBXContainerItemProxy section */
		FA14EE542F879B0A006917FD /* PBXContainerItemProxy */ = {
			isa = PBXContainerItemProxy;
			containerPortal = FA14EE2E2F879B08006917FD /* Project object */;
			proxyType = 1;
			remoteGlobalIDString = FA14EE352F879B08006917FD;
			remoteInfo = EnginePrefs;
		};
		FA14EE5E2F879B0A006917FD /* PBXContainerItemProxy */ = {
			isa = PBXContainerItemProxy;
			containerPortal = FA14EE2E2F879B08006917FD /* Project object */;
			proxyType = 1;
			remoteGlobalIDString = FA14EE352F879B08006917FD;
			remoteInfo = EnginePrefs;
		};
		FA14EE6B2F879B0A006917FD /* PBXContainerItemProxy */ = {
			isa = PBXContainerItemProxy;
			containerPortal = FA14EE2E2F879B08006917FD /* Project object */;
			proxyType = 1;
			remoteGlobalIDString = FA14EE682F879B0A006917FD;
			remoteInfo = "EnginePrefs Extension";
		};
		FAC98A442FE3296200DA38B6 /* PBXContainerItemProxy */ = {
			isa = PBXContainerItemProxy;
			containerPortal = FA14EE2E2F879B08006917FD /* Project object */;
			proxyType = 1;
			remoteGlobalIDString = FAC98A342FE3296100DA38B6;
			remoteInfo = "EnginePrefs macOS";
		};
		FAC98A4E2FE3296200DA38B6 /* PBXContainerItemProxy */ = {
			isa = PBXContainerItemProxy;
			containerPortal = FA14EE2E2F879B08006917FD /* Project object */;
			proxyType = 1;
			remoteGlobalIDString = FAC98A342FE3296100DA38B6;
			remoteInfo = "EnginePrefs macOS";
		};
		FAC98A6E2FE32E9600DA38B6 /* PBXContainerItemProxy */ = {
			isa = PBXContainerItemProxy;
			containerPortal = FA14EE2E2F879B08006917FD /* Project object */;
			proxyType = 1;
			remoteGlobalIDString = FAC98A682FE32E9600DA38B6;
			remoteInfo = "EnginePrefs Extension macOS";
		};
/* End PBXContainerItemProxy section */

/* Begin PBXCopyFilesBuildPhase section */
		FA14EE882F879B0A006917FD /* Embed Foundation Extensions */ = {
			isa = PBXCopyFilesBuildPhase;
			buildActionMask = 2147483647;
			dstPath = "";
			dstSubfolderSpec = 13;
			files = (
				FA14EE6A2F879B0A006917FD /* EnginePrefs Extension.appex in Embed Foundation Extensions */,
			);
			name = "Embed Foundation Extensions";
			runOnlyForDeploymentPostprocessing = 0;
		};
		FAC98A752FE32E9600DA38B6 /* Embed Foundation Extensions */ = {
			isa = PBXCopyFilesBuildPhase;
			buildActionMask = 2147483647;
			dstPath = "";
			dstSubfolderSpec = 13;
			files = (
				FAC98A702FE32E9600DA38B6 /* EnginePrefs Extension macOS.appex in Embed Foundation Extensions */,
			);
			name = "Embed Foundation Extensions";
			runOnlyForDeploymentPostprocessing = 0;
		};
/* End PBXCopyFilesBuildPhase section */

/* Begin PBXFileReference section */
		FA14EE362F879B08006917FD /* EnginePrefs.app */ = {isa = PBXFileReference; explicitFileType = wrapper.application; includeInIndex = 0; path = EnginePrefs.app; sourceTree = BUILT_PRODUCTS_DIR; };
		FA14EE532F879B0A006917FD /* EnginePrefsTests.xctest */ = {isa = PBXFileReference; explicitFileType = wrapper.cfbundle; includeInIndex = 0; path = EnginePrefsTests.xctest; sourceTree = BUILT_PRODUCTS_DIR; };
		FA14EE5D2F879B0A006917FD /* EnginePrefsUITests.xctest */ = {isa = PBXFileReference; explicitFileType = wrapper.cfbundle; includeInIndex = 0; path = EnginePrefsUITests.xctest; sourceTree = BUILT_PRODUCTS_DIR; };
		FA14EE692F879B0A006917FD /* EnginePrefs Extension.appex */ = {isa = PBXFileReference; explicitFileType = "wrapper.app-extension"; includeInIndex = 0; path = "EnginePrefs Extension.appex"; sourceTree = BUILT_PRODUCTS_DIR; };
		FAC98A352FE3296100DA38B6 /* EnginePrefs macOS.app */ = {isa = PBXFileReference; explicitFileType = wrapper.application; includeInIndex = 0; path = "EnginePrefs macOS.app"; sourceTree = BUILT_PRODUCTS_DIR; };
		FAC98A432FE3296200DA38B6 /* EnginePrefs macOSTests.xctest */ = {isa = PBXFileReference; explicitFileType = wrapper.cfbundle; includeInIndex = 0; path = "EnginePrefs macOSTests.xctest"; sourceTree = BUILT_PRODUCTS_DIR; };
		FAC98A4D2FE3296200DA38B6 /* EnginePrefs macOSUITests.xctest */ = {isa = PBXFileReference; explicitFileType = wrapper.cfbundle; includeInIndex = 0; path = "EnginePrefs macOSUITests.xctest"; sourceTree = BUILT_PRODUCTS_DIR; };
		FAC98A692FE32E9600DA38B6 /* EnginePrefs Extension macOS.appex */ = {isa = PBXFileReference; explicitFileType = "wrapper.app-extension"; includeInIndex = 0; path = "EnginePrefs Extension macOS.appex"; sourceTree = BUILT_PRODUCTS_DIR; };
/* End PBXFileReference section */

/* Begin PBXFileSystemSynchronizedBuildFileExceptionSet section */
		DC9EB829925EAE00C465CF2E /* Exceptions for "EnginePrefs Extension" folder in "EnginePrefs Extension macOS" target */ = {
			isa = PBXFileSystemSynchronizedBuildFileExceptionSet;
			membershipExceptions = (
				Info.plist,
			);
			target = FAC98A682FE32E9600DA38B6 /* EnginePrefs Extension macOS */;
		};
		FA14EE832F879B0A006917FD /* Exceptions for "EnginePrefs" folder in "EnginePrefs" target */ = {
			isa = PBXFileSystemSynchronizedBuildFileExceptionSet;
			membershipExceptions = (
				Info.plist,
			);
			target = FA14EE352F879B08006917FD /* EnginePrefs */;
		};
		FA14EE872F879B0A006917FD /* Exceptions for "EnginePrefs Extension" folder in "EnginePrefs Extension" target */ = {
			isa = PBXFileSystemSynchronizedBuildFileExceptionSet;
			membershipExceptions = (
				Info.plist,
			);
			target = FA14EE682F879B0A006917FD /* EnginePrefs Extension */;
		};
/* End PBXFileSystemSynchronizedBuildFileExceptionSet section */

/* Begin PBXFileSystemSynchronizedRootGroup section */
		FA14EE382F879B08006917FD /* EnginePrefs */ = {
			isa = PBXFileSystemSynchronizedRootGroup;
			exceptions = (
				FA14EE832F879B0A006917FD /* Exceptions for "EnginePrefs" folder in "EnginePrefs" target */,
			);
			path = EnginePrefs;
			sourceTree = "<group>";
		};
		FA14EE562F879B0A006917FD /* EnginePrefsTests */ = {
			isa = PBXFileSystemSynchronizedRootGroup;
			exceptions = (
			);
			path = EnginePrefsTests;
			sourceTree = "<group>";
		};
		FA14EE602F879B0A006917FD /* EnginePrefsUITests */ = {
			isa = PBXFileSystemSynchronizedRootGroup;
			exceptions = (
			);
			path = EnginePrefsUITests;
			sourceTree = "<group>";
		};
		FA14EE6D2F879B0A006917FD /* EnginePrefs Extension */ = {
			isa = PBXFileSystemSynchronizedRootGroup;
			exceptions = (
				FA14EE872F879B0A006917FD /* Exceptions for "EnginePrefs Extension" folder in "EnginePrefs Extension" target */,
				DC9EB829925EAE00C465CF2E /* Exceptions for "EnginePrefs Extension" folder in "EnginePrefs Extension macOS" target */,
			);
			explicitFolders = (
				Resources/_locales,
				Resources/images,
			);
			path = "EnginePrefs Extension";
			sourceTree = "<group>";
		};
		FAC98A362FE3296100DA38B6 /* EnginePrefs macOS */ = {
			isa = PBXFileSystemSynchronizedRootGroup;
			exceptions = (
			);
			path = "EnginePrefs macOS";
			sourceTree = "<group>";
		};
		FAC98A462FE3296200DA38B6 /* EnginePrefs macOSTests */ = {
			isa = PBXFileSystemSynchronizedRootGroup;
			exceptions = (
			);
			path = "EnginePrefs macOSTests";
			sourceTree = "<group>";
		};
		FAC98A502FE3296200DA38B6 /* EnginePrefs macOSUITests */ = {
			isa = PBXFileSystemSynchronizedRootGroup;
			exceptions = (
			);
			path = "EnginePrefs macOSUITests";
			sourceTree = "<group>";
		};
/* End PBXFileSystemSynchronizedRootGroup section */

/* Begin PBXFrameworksBuildPhase section */
		FA14EE332F879B08006917FD /* Frameworks */ = {
			isa = PBXFrameworksBuildPhase;
			buildActionMask = 2147483647;
			files = (
			);
			runOnlyForDeploymentPostprocessing = 0;
		};
		FA14EE502F879B0A006917FD /* Frameworks */ = {
			isa = PBXFrameworksBuildPhase;
			buildActionMask = 2147483647;
			files = (
			);
			runOnlyForDeploymentPostprocessing = 0;
		};
		FA14EE5A2F879B0A006917FD /* Frameworks */ = {
			isa = PBXFrameworksBuildPhase;
			buildActionMask = 2147483647;
			files = (
			);
			runOnlyForDeploymentPostprocessing = 0;
		};
		FA14EE662F879B0A006917FD /* Frameworks */ = {
			isa = PBXFrameworksBuildPhase;
			buildActionMask = 2147483647;
			files = (
			);
			runOnlyForDeploymentPostprocessing = 0;
		};
		FAC98A322FE3296100DA38B6 /* Frameworks */ = {
			isa = PBXFrameworksBuildPhase;
			buildActionMask = 2147483647;
			files = (
			);
			runOnlyForDeploymentPostprocessing = 0;
		};
		FAC98A402FE3296200DA38B6 /* Frameworks */ = {
			isa = PBXFrameworksBuildPhase;
			buildActionMask = 2147483647;
			files = (
			);
			runOnlyForDeploymentPostprocessing = 0;
		};
		FAC98A4A2FE3296200DA38B6 /* Frameworks */ = {
			isa = PBXFrameworksBuildPhase;
			buildActionMask = 2147483647;
			files = (
			);
			runOnlyForDeploymentPostprocessing = 0;
		};
		FAC98A662FE32E9600DA38B6 /* Frameworks */ = {
			isa = PBXFrameworksBuildPhase;
			buildActionMask = 2147483647;
			files = (
			);
			runOnlyForDeploymentPostprocessing = 0;
		};
/* End PBXFrameworksBuildPhase section */

/* Begin PBXGroup section */
		FA14EE2D2F879B08006917FD = {
			isa = PBXGroup;
			children = (
				FA14EE382F879B08006917FD /* EnginePrefs */,
				FA14EE562F879B0A006917FD /* EnginePrefsTests */,
				FA14EE602F879B0A006917FD /* EnginePrefsUITests */,
				FA14EE6D2F879B0A006917FD /* EnginePrefs Extension */,
				FAC98A362FE3296100DA38B6 /* EnginePrefs macOS */,
				FAC98A462FE3296200DA38B6 /* EnginePrefs macOSTests */,
				FAC98A502FE3296200DA38B6 /* EnginePrefs macOSUITests */,
				FA14EE372F879B08006917FD /* Products */,
			);
			sourceTree = "<group>";
		};
		FA14EE372F879B08006917FD /* Products */ = {
			isa = PBXGroup;
			children = (
				FA14EE362F879B08006917FD /* EnginePrefs.app */,
				FA14EE532F879B0A006917FD /* EnginePrefsTests.xctest */,
				FA14EE5D2F879B0A006917FD /* EnginePrefsUITests.xctest */,
				FA14EE692F879B0A006917FD /* EnginePrefs Extension.appex */,
				FAC98A352FE3296100DA38B6 /* EnginePrefs macOS.app */,
				FAC98A432FE3296200DA38B6 /* EnginePrefs macOSTests.xctest */,
				FAC98A4D2FE3296200DA38B6 /* EnginePrefs macOSUITests.xctest */,
				FAC98A692FE32E9600DA38B6 /* EnginePrefs Extension macOS.appex */,
			);
			name = Products;
			sourceTree = "<group>";
		};
/* End PBXGroup section */

/* Begin PBXNativeTarget section */
		FA14EE352F879B08006917FD /* EnginePrefs */ = {
			isa = PBXNativeTarget;
			buildConfigurationList = FA14EE892F879B0A006917FD /* Build configuration list for PBXNativeTarget "EnginePrefs" */;
			buildPhases = (
				FA14EE322F879B08006917FD /* Sources */,
				FA14EE332F879B08006917FD /* Frameworks */,
				FA14EE342F879B08006917FD /* Resources */,
				FA14EE882F879B0A006917FD /* Embed Foundation Extensions */,
			);
			buildRules = (
			);
			dependencies = (
				FA14EE6C2F879B0A006917FD /* PBXTargetDependency */,
			);
			fileSystemSynchronizedGroups = (
				FA14EE382F879B08006917FD /* EnginePrefs */,
			);
			name = EnginePrefs;
			productName = EnginePrefs;
			productReference = FA14EE362F879B08006917FD /* EnginePrefs.app */;
			productType = "com.apple.product-type.application";
		};
		FA14EE522F879B0A006917FD /* EnginePrefsTests */ = {
			isa = PBXNativeTarget;
			buildConfigurationList = FA14EE8E2F879B0A006917FD /* Build configuration list for PBXNativeTarget "EnginePrefsTests" */;
			buildPhases = (
				FA14EE4F2F879B0A006917FD /* Sources */,
				FA14EE502F879B0A006917FD /* Frameworks */,
				FA14EE512F879B0A006917FD /* Resources */,
			);
			buildRules = (
			);
			dependencies = (
				FA14EE552F879B0A006917FD /* PBXTargetDependency */,
			);
			fileSystemSynchronizedGroups = (
				FA14EE562F879B0A006917FD /* EnginePrefsTests */,
			);
			name = EnginePrefsTests;
			productName = EnginePrefsTests;
			productReference = FA14EE532F879B0A006917FD /* EnginePrefsTests.xctest */;
			productType = "com.apple.product-type.bundle.unit-test";
		};
		FA14EE5C2F879B0A006917FD /* EnginePrefsUITests */ = {
			isa = PBXNativeTarget;
			buildConfigurationList = FA14EE912F879B0A006917FD /* Build configuration list for PBXNativeTarget "EnginePrefsUITests" */;
			buildPhases = (
				FA14EE592F879B0A006917FD /* Sources */,
				FA14EE5A2F879B0A006917FD /* Frameworks */,
				FA14EE5B2F879B0A006917FD /* Resources */,
			);
			buildRules = (
			);
			dependencies = (
				FA14EE5F2F879B0A006917FD /* PBXTargetDependency */,
			);
			fileSystemSynchronizedGroups = (
				FA14EE602F879B0A006917FD /* EnginePrefsUITests */,
			);
			name = EnginePrefsUITests;
			productName = EnginePrefsUITests;
			productReference = FA14EE5D2F879B0A006917FD /* EnginePrefsUITests.xctest */;
			productType = "com.apple.product-type.bundle.ui-testing";
		};
		FA14EE682F879B0A006917FD /* EnginePrefs Extension */ = {
			isa = PBXNativeTarget;
			buildConfigurationList = FA14EE842F879B0A006917FD /* Build configuration list for PBXNativeTarget "EnginePrefs Extension" */;
			buildPhases = (
				FA14EE652F879B0A006917FD /* Sources */,
				FA14EE662F879B0A006917FD /* Frameworks */,
				FA14EE672F879B0A006917FD /* Resources */,
			);
			buildRules = (
			);
			dependencies = (
			);
			fileSystemSynchronizedGroups = (
				FA14EE6D2F879B0A006917FD /* EnginePrefs Extension */,
			);
			name = "EnginePrefs Extension";
			productName = "EnginePrefs Extension";
			productReference = FA14EE692F879B0A006917FD /* EnginePrefs Extension.appex */;
			productType = "com.apple.product-type.app-extension";
		};
		FAC98A342FE3296100DA38B6 /* EnginePrefs macOS */ = {
			isa = PBXNativeTarget;
			buildConfigurationList = FAC98A552FE3296200DA38B6 /* Build configuration list for PBXNativeTarget "EnginePrefs macOS" */;
			buildPhases = (
				FAC98A312FE3296100DA38B6 /* Sources */,
				FAC98A322FE3296100DA38B6 /* Frameworks */,
				FAC98A332FE3296100DA38B6 /* Resources */,
				FAC98A752FE32E9600DA38B6 /* Embed Foundation Extensions */,
			);
			buildRules = (
			);
			dependencies = (
				FAC98A6F2FE32E9600DA38B6 /* PBXTargetDependency */,
			);
			fileSystemSynchronizedGroups = (
				FAC98A362FE3296100DA38B6 /* EnginePrefs macOS */,
			);
			name = "EnginePrefs macOS";
			productName = "EnginePrefs macOS";
			productReference = FAC98A352FE3296100DA38B6 /* EnginePrefs macOS.app */;
			productType = "com.apple.product-type.application";
		};
		FAC98A422FE3296200DA38B6 /* EnginePrefs macOSTests */ = {
			isa = PBXNativeTarget;
			buildConfigurationList = FAC98A582FE3296200DA38B6 /* Build configuration list for PBXNativeTarget "EnginePrefs macOSTests" */;
			buildPhases = (
				FAC98A3F2FE3296200DA38B6 /* Sources */,
				FAC98A402FE3296200DA38B6 /* Frameworks */,
				FAC98A412FE3296200DA38B6 /* Resources */,
			);
			buildRules = (
			);
			dependencies = (
				FAC98A452FE3296200DA38B6 /* PBXTargetDependency */,
			);
			fileSystemSynchronizedGroups = (
				FAC98A462FE3296200DA38B6 /* EnginePrefs macOSTests */,
			);
			name = "EnginePrefs macOSTests";
			productName = "EnginePrefs macOSTests";
			productReference = FAC98A432FE3296200DA38B6 /* EnginePrefs macOSTests.xctest */;
			productType = "com.apple.product-type.bundle.unit-test";
		};
		FAC98A4C2FE3296200DA38B6 /* EnginePrefs macOSUITests */ = {
			isa = PBXNativeTarget;
			buildConfigurationList = FAC98A5B2FE3296200DA38B6 /* Build configuration list for PBXNativeTarget "EnginePrefs macOSUITests" */;
			buildPhases = (
				FAC98A492FE3296200DA38B6 /* Sources */,
				FAC98A4A2FE3296200DA38B6 /* Frameworks */,
				FAC98A4B2FE3296200DA38B6 /* Resources */,
			);
			buildRules = (
			);
			dependencies = (
				FAC98A4F2FE3296200DA38B6 /* PBXTargetDependency */,
			);
			fileSystemSynchronizedGroups = (
				FAC98A502FE3296200DA38B6 /* EnginePrefs macOSUITests */,
			);
			name = "EnginePrefs macOSUITests";
			productName = "EnginePrefs macOSUITests";
			productReference = FAC98A4D2FE3296200DA38B6 /* EnginePrefs macOSUITests.xctest */;
			productType = "com.apple.product-type.bundle.ui-testing";
		};
		FAC98A682FE32E9600DA38B6 /* EnginePrefs Extension macOS */ = {
			isa = PBXNativeTarget;
			buildConfigurationList = FAC98A722FE32E9600DA38B6 /* Build configuration list for PBXNativeTarget "EnginePrefs Extension macOS" */;
			buildPhases = (
				FAC98A652FE32E9600DA38B6 /* Sources */,
				FAC98A662FE32E9600DA38B6 /* Frameworks */,
				FAC98A672FE32E9600DA38B6 /* Resources */,
			);
			buildRules = (
			);
			dependencies = (
			);
			fileSystemSynchronizedGroups = (
				FA14EE6D2F879B0A006917FD /* EnginePrefs Extension */,
			);
			name = "EnginePrefs Extension macOS";
			productName = "EnginePrefs Extension macOS";
			productReference = FAC98A692FE32E9600DA38B6 /* EnginePrefs Extension macOS.appex */;
			productType = "com.apple.product-type.app-extension";
		};
/* End PBXNativeTarget section */

/* Begin PBXProject section */
		FA14EE2E2F879B08006917FD /* Project object */ = {
			isa = PBXProject;
			attributes = {
				BuildIndependentTargetsInParallel = 1;
				LastSwiftUpdateCheck = 2650;
				LastUpgradeCheck = 2640;
				TargetAttributes = {
					FA14EE352F879B08006917FD = {
						CreatedOnToolsVersion = 26.4;
					};
					FA14EE522F879B0A006917FD = {
						CreatedOnToolsVersion = 26.4;
						TestTargetID = FA14EE352F879B08006917FD;
					};
					FA14EE5C2F879B0A006917FD = {
						CreatedOnToolsVersion = 26.4;
						TestTargetID = FA14EE352F879B08006917FD;
					};
					FA14EE682F879B0A006917FD = {
						CreatedOnToolsVersion = 26.4;
					};
					FAC98A342FE3296100DA38B6 = {
						CreatedOnToolsVersion = 26.5;
					};
					FAC98A422FE3296200DA38B6 = {
						CreatedOnToolsVersion = 26.5;
						TestTargetID = FAC98A342FE3296100DA38B6;
					};
					FAC98A4C2FE3296200DA38B6 = {
						CreatedOnToolsVersion = 26.5;
						TestTargetID = FAC98A342FE3296100DA38B6;
					};
					FAC98A682FE32E9600DA38B6 = {
						CreatedOnToolsVersion = 26.5;
					};
				};
			};
			buildConfigurationList = FA14EE312F879B08006917FD /* Build configuration list for PBXProject "EnginePrefs" */;
			developmentRegion = en;
			hasScannedForEncodings = 0;
			knownRegions = (
				en,
				Base,
			);
			mainGroup = FA14EE2D2F879B08006917FD;
			minimizedProjectReferenceProxies = 1;
			preferredProjectObjectVersion = 77;
			productRefGroup = FA14EE372F879B08006917FD /* Products */;
			projectDirPath = "";
			projectRoot = "";
			targets = (
				FA14EE352F879B08006917FD /* EnginePrefs */,
				FA14EE522F879B0A006917FD /* EnginePrefsTests */,
				FA14EE5C2F879B0A006917FD /* EnginePrefsUITests */,
				FA14EE682F879B0A006917FD /* EnginePrefs Extension */,
				FAC98A342FE3296100DA38B6 /* EnginePrefs macOS */,
				FAC98A422FE3296200DA38B6 /* EnginePrefs macOSTests */,
				FAC98A4C2FE3296200DA38B6 /* EnginePrefs macOSUITests */,
				FAC98A682FE32E9600DA38B6 /* EnginePrefs Extension macOS */,
			);
		};
/* End PBXProject section */

/* Begin PBXResourcesBuildPhase section */
		FA14EE342F879B08006917FD /* Resources */ = {
			isa = PBXResourcesBuildPhase;
			buildActionMask = 2147483647;
			files = (
			);
			runOnlyForDeploymentPostprocessing = 0;
		};
		FA14EE512F879B0A006917FD /* Resources */ = {
			isa = PBXResourcesBuildPhase;
			buildActionMask = 2147483647;
			files = (
			);
			runOnlyForDeploymentPostprocessing = 0;
		};
		FA14EE5B2F879B0A006917FD /* Resources */ = {
			isa = PBXResourcesBuildPhase;
			buildActionMask = 2147483647;
			files = (
			);
			runOnlyForDeploymentPostprocessing = 0;
		};
		FA14EE672F879B0A006917FD /* Resources */ = {
			isa = PBXResourcesBuildPhase;
			buildActionMask = 2147483647;
			files = (
			);
			runOnlyForDeploymentPostprocessing = 0;
		};
		FAC98A332FE3296100DA38B6 /* Resources */ = {
			isa = PBXResourcesBuildPhase;
			buildActionMask = 2147483647;
			files = (
			);
			runOnlyForDeploymentPostprocessing = 0;
		};
		FAC98A412FE3296200DA38B6 /* Resources */ = {
			isa = PBXResourcesBuildPhase;
			buildActionMask = 2147483647;
			files = (
			);
			runOnlyForDeploymentPostprocessing = 0;
		};
		FAC98A4B2FE3296200DA38B6 /* Resources */ = {
			isa = PBXResourcesBuildPhase;
			buildActionMask = 2147483647;
			files = (
			);
			runOnlyForDeploymentPostprocessing = 0;
		};
		FAC98A672FE32E9600DA38B6 /* Resources */ = {
			isa = PBXResourcesBuildPhase;
			buildActionMask = 2147483647;
			files = (
			);
			runOnlyForDeploymentPostprocessing = 0;
		};
/* End PBXResourcesBuildPhase section */

/* Begin PBXSourcesBuildPhase section */
		FA14EE322F879B08006917FD /* Sources */ = {
			isa = PBXSourcesBuildPhase;
			buildActionMask = 2147483647;
			files = (
			);
			runOnlyForDeploymentPostprocessing = 0;
		};
		FA14EE4F2F879B0A006917FD /* Sources */ = {
			isa = PBXSourcesBuildPhase;
			buildActionMask = 2147483647;
			files = (
			);
			runOnlyForDeploymentPostprocessing = 0;
		};
		FA14EE592F879B0A006917FD /* Sources */ = {
			isa = PBXSourcesBuildPhase;
			buildActionMask = 2147483647;
			files = (
			);
			runOnlyForDeploymentPostprocessing = 0;
		};
		FA14EE652F879B0A006917FD /* Sources */ = {
			isa = PBXSourcesBuildPhase;
			buildActionMask = 2147483647;
			files = (
			);
			runOnlyForDeploymentPostprocessing = 0;
		};
		FAC98A312FE3296100DA38B6 /* Sources */ = {
			isa = PBXSourcesBuildPhase;
			buildActionMask = 2147483647;
			files = (
			);
			runOnlyForDeploymentPostprocessing = 0;
		};
		FAC98A3F2FE3296200DA38B6 /* Sources */ = {
			isa = PBXSourcesBuildPhase;
			buildActionMask = 2147483647;
			files = (
			);
			runOnlyForDeploymentPostprocessing = 0;
		};
		FAC98A492FE3296200DA38B6 /* Sources */ = {
			isa = PBXSourcesBuildPhase;
			buildActionMask = 2147483647;
			files = (
			);
			runOnlyForDeploymentPostprocessing = 0;
		};
		FAC98A652FE32E9600DA38B6 /* Sources */ = {
			isa = PBXSourcesBuildPhase;
			buildActionMask = 2147483647;
			files = (
			);
			runOnlyForDeploymentPostprocessing = 0;
		};
/* End PBXSourcesBuildPhase section */

/* Begin PBXTargetDependency section */
		FA14EE552F879B0A006917FD /* PBXTargetDependency */ = {
			isa = PBXTargetDependency;
			target = FA14EE352F879B08006917FD /* EnginePrefs */;
			targetProxy = FA14EE542F879B0A006917FD /* PBXContainerItemProxy */;
		};
		FA14EE5F2F879B0A006917FD /* PBXTargetDependency */ = {
			isa = PBXTargetDependency;
			target = FA14EE352F879B08006917FD /* EnginePrefs */;
			targetProxy = FA14EE5E2F879B0A006917FD /* PBXContainerItemProxy */;
		};
		FA14EE6C2F879B0A006917FD /* PBXTargetDependency */ = {
			isa = PBXTargetDependency;
			target = FA14EE682F879B0A006917FD /* EnginePrefs Extension */;
			targetProxy = FA14EE6B2F879B0A006917FD /* PBXContainerItemProxy */;
		};
		FAC98A452FE3296200DA38B6 /* PBXTargetDependency */ = {
			isa = PBXTargetDependency;
			target = FAC98A342FE3296100DA38B6 /* EnginePrefs macOS */;
			targetProxy = FAC98A442FE3296200DA38B6 /* PBXContainerItemProxy */;
		};
		FAC98A4F2FE3296200DA38B6 /* PBXTargetDependency */ = {
			isa = PBXTargetDependency;
			target = FAC98A342FE3296100DA38B6 /* EnginePrefs macOS */;
			targetProxy = FAC98A4E2FE3296200DA38B6 /* PBXContainerItemProxy */;
		};
		FAC98A6F2FE32E9600DA38B6 /* PBXTargetDependency */ = {
			isa = PBXTargetDependency;
			target = FAC98A682FE32E9600DA38B6 /* EnginePrefs Extension macOS */;
			targetProxy = FAC98A6E2FE32E9600DA38B6 /* PBXContainerItemProxy */;
		};
/* End PBXTargetDependency section */

/* Begin XCBuildConfiguration section */
		FA14EE852F879B0A006917FD /* Debug */ = {
			isa = XCBuildConfiguration;
			buildSettings = {
				CODE_SIGN_ENTITLEMENTS = "EnginePrefs Extension/EnginePrefs_Extension.entitlements";
				CODE_SIGN_STYLE = Automatic;
				CURRENT_PROJECT_VERSION = 1;
				DEVELOPMENT_TEAM = 2AW3UV2BX4;
				GENERATE_INFOPLIST_FILE = YES;
				INFOPLIST_FILE = "EnginePrefs Extension/Info.plist";
				INFOPLIST_KEY_CFBundleDisplayName = "EnginePrefs Extension";
				INFOPLIST_KEY_NSHumanReadableCopyright = "";
				IPHONEOS_DEPLOYMENT_TARGET = 15.0;
				LD_RUNPATH_SEARCH_PATHS = (
					"$(inherited)",
					"@executable_path/Frameworks",
					"@executable_path/../../Frameworks",
				);
				MARKETING_VERSION = 1.0;
				OTHER_LDFLAGS = (
					"-framework",
					SafariServices,
				);
				PRODUCT_BUNDLE_IDENTIFIER = com.alexsla.EnginePrefs.Extension;
				PRODUCT_NAME = "$(TARGET_NAME)";
				SKIP_INSTALL = YES;
				STRING_CATALOG_GENERATE_SYMBOLS = YES;
				SWIFT_APPROACHABLE_CONCURRENCY = YES;
				SWIFT_EMIT_LOC_STRINGS = YES;
				SWIFT_UPCOMING_FEATURE_MEMBER_IMPORT_VISIBILITY = YES;
				SWIFT_VERSION = 5.0;
				TARGETED_DEVICE_FAMILY = "1,2";
			};
			name = Debug;
		};
		FA14EE862F879B0A006917FD /* Release */ = {
			isa = XCBuildConfiguration;
			buildSettings = {
				CODE_SIGN_ENTITLEMENTS = "EnginePrefs Extension/EnginePrefs_Extension.entitlements";
				CODE_SIGN_STYLE = Automatic;
				CURRENT_PROJECT_VERSION = 1;
				DEVELOPMENT_TEAM = 2AW3UV2BX4;
				GENERATE_INFOPLIST_FILE = YES;
				INFOPLIST_FILE = "EnginePrefs Extension/Info.plist";
				INFOPLIST_KEY_CFBundleDisplayName = "EnginePrefs Extension";
				INFOPLIST_KEY_NSHumanReadableCopyright = "";
				IPHONEOS_DEPLOYMENT_TARGET = 15.0;
				LD_RUNPATH_SEARCH_PATHS = (
					"$(inherited)",
					"@executable_path/Frameworks",
					"@executable_path/../../Frameworks",
				);
				MARKETING_VERSION = 1.0;
				OTHER_LDFLAGS = (
					"-framework",
					SafariServices,
				);
				PRODUCT_BUNDLE_IDENTIFIER = com.alexsla.EnginePrefs.Extension;
				PRODUCT_NAME = "$(TARGET_NAME)";
				SKIP_INSTALL = YES;
				STRING_CATALOG_GENERATE_SYMBOLS = YES;
				SWIFT_APPROACHABLE_CONCURRENCY = YES;
				SWIFT_EMIT_LOC_STRINGS = YES;
				SWIFT_UPCOMING_FEATURE_MEMBER_IMPORT_VISIBILITY = YES;
				SWIFT_VERSION = 5.0;
				TARGETED_DEVICE_FAMILY = "1,2";
			};
			name = Release;
		};
		FA14EE8A2F879B0A006917FD /* Debug */ = {
			isa = XCBuildConfiguration;
			buildSettings = {
				ASSETCATALOG_COMPILER_APPICON_NAME = AppIcon;
				ASSETCATALOG_COMPILER_GLOBAL_ACCENT_COLOR_NAME = AccentColor;
				CODE_SIGN_ENTITLEMENTS = EnginePrefs/EnginePrefs.entitlements;
				CODE_SIGN_STYLE = Automatic;
				CURRENT_PROJECT_VERSION = 4;
				DEVELOPMENT_TEAM = 2AW3UV2BX4;
				GENERATE_INFOPLIST_FILE = YES;
				INFOPLIST_FILE = EnginePrefs/Info.plist;
				INFOPLIST_KEY_CFBundleDisplayName = EnginePrefs;
				INFOPLIST_KEY_UIApplicationSupportsIndirectInputEvents = YES;
				INFOPLIST_KEY_UILaunchStoryboardName = LaunchScreen;
				INFOPLIST_KEY_UIMainStoryboardFile = Main;
				INFOPLIST_KEY_UISupportedInterfaceOrientations = UIInterfaceOrientationPortrait;
				INFOPLIST_KEY_UISupportedInterfaceOrientations_iPad = "UIInterfaceOrientationLandscapeLeft UIInterfaceOrientationLandscapeRight UIInterfaceOrientationPortrait UIInterfaceOrientationPortraitUpsideDown";
				IPHONEOS_DEPLOYMENT_TARGET = 15.0;
				LD_RUNPATH_SEARCH_PATHS = (
					"$(inherited)",
					"@executable_path/Frameworks",
				);
				MARKETING_VERSION = 1.0;
				OTHER_LDFLAGS = (
					"-framework",
					SafariServices,
					"-framework",
					WebKit,
				);
				PRODUCT_BUNDLE_IDENTIFIER = com.alexsla.EnginePrefs;
				PRODUCT_NAME = "$(TARGET_NAME)";
				STRING_CATALOG_GENERATE_SYMBOLS = YES;
				SUPPORTED_PLATFORMS = "iphoneos iphonesimulator";
				SUPPORTS_MACCATALYST = NO;
				SUPPORTS_XR_DESIGNED_FOR_IPHONE_IPAD = NO;
				SWIFT_APPROACHABLE_CONCURRENCY = YES;
				SWIFT_DEFAULT_ACTOR_ISOLATION = MainActor;
				SWIFT_EMIT_LOC_STRINGS = YES;
				SWIFT_UPCOMING_FEATURE_MEMBER_IMPORT_VISIBILITY = YES;
				SWIFT_VERSION = 5.0;
				TARGETED_DEVICE_FAMILY = 1;
			};
			name = Debug;
		};
		FA14EE8B2F879B0A006917FD /* Release */ = {
			isa = XCBuildConfiguration;
			buildSettings = {
				ASSETCATALOG_COMPILER_APPICON_NAME = AppIcon;
				ASSETCATALOG_COMPILER_GLOBAL_ACCENT_COLOR_NAME = AccentColor;
				CODE_SIGN_ENTITLEMENTS = EnginePrefs/EnginePrefs.entitlements;
				CODE_SIGN_STYLE = Automatic;
				CURRENT_PROJECT_VERSION = 4;
				DEVELOPMENT_TEAM = 2AW3UV2BX4;
				GENERATE_INFOPLIST_FILE = YES;
				INFOPLIST_FILE = EnginePrefs/Info.plist;
				INFOPLIST_KEY_CFBundleDisplayName = EnginePrefs;
				INFOPLIST_KEY_UIApplicationSupportsIndirectInputEvents = YES;
				INFOPLIST_KEY_UILaunchStoryboardName = LaunchScreen;
				INFOPLIST_KEY_UIMainStoryboardFile = Main;
				INFOPLIST_KEY_UISupportedInterfaceOrientations = UIInterfaceOrientationPortrait;
				INFOPLIST_KEY_UISupportedInterfaceOrientations_iPad = "UIInterfaceOrientationLandscapeLeft UIInterfaceOrientationLandscapeRight UIInterfaceOrientationPortrait UIInterfaceOrientationPortraitUpsideDown";
				IPHONEOS_DEPLOYMENT_TARGET = 15.0;
				LD_RUNPATH_SEARCH_PATHS = (
					"$(inherited)",
					"@executable_path/Frameworks",
				);
				MARKETING_VERSION = 1.0;
				OTHER_LDFLAGS = (
					"-framework",
					SafariServices,
					"-framework",
					WebKit,
				);
				PRODUCT_BUNDLE_IDENTIFIER = com.alexsla.EnginePrefs;
				PRODUCT_NAME = "$(TARGET_NAME)";
				STRING_CATALOG_GENERATE_SYMBOLS = YES;
				SUPPORTED_PLATFORMS = "iphoneos iphonesimulator";
				SUPPORTS_MACCATALYST = NO;
				SUPPORTS_XR_DESIGNED_FOR_IPHONE_IPAD = NO;
				SWIFT_APPROACHABLE_CONCURRENCY = YES;
				SWIFT_DEFAULT_ACTOR_ISOLATION = MainActor;
				SWIFT_EMIT_LOC_STRINGS = YES;
				SWIFT_UPCOMING_FEATURE_MEMBER_IMPORT_VISIBILITY = YES;
				SWIFT_VERSION = 5.0;
				TARGETED_DEVICE_FAMILY = 1;
			};
			name = Release;
		};
		FA14EE8C2F879B0A006917FD /* Debug */ = {
			isa = XCBuildConfiguration;
			buildSettings = {
				ALWAYS_SEARCH_USER_PATHS = NO;
				ASSETCATALOG_COMPILER_GENERATE_SWIFT_ASSET_SYMBOL_EXTENSIONS = YES;
				CLANG_ANALYZER_NONNULL = YES;
				CLANG_ANALYZER_NUMBER_OBJECT_CONVERSION = YES_AGGRESSIVE;
				CLANG_CXX_LANGUAGE_STANDARD = "gnu++20";
				CLANG_ENABLE_MODULES = YES;
				CLANG_ENABLE_OBJC_ARC = YES;
				CLANG_ENABLE_OBJC_WEAK = YES;
				CLANG_WARN_BLOCK_CAPTURE_AUTORELEASING = YES;
				CLANG_WARN_BOOL_CONVERSION = YES;
				CLANG_WARN_COMMA = YES;
				CLANG_WARN_CONSTANT_CONVERSION = YES;
				CLANG_WARN_DEPRECATED_OBJC_IMPLEMENTATIONS = YES;
				CLANG_WARN_DIRECT_OBJC_ISA_USAGE = YES_ERROR;
				CLANG_WARN_DOCUMENTATION_COMMENTS = YES;
				CLANG_WARN_EMPTY_BODY = YES;
				CLANG_WARN_ENUM_CONVERSION = YES;
				CLANG_WARN_INFINITE_RECURSION = YES;
				CLANG_WARN_INT_CONVERSION = YES;
				CLANG_WARN_NON_LITERAL_NULL_CONVERSION = YES;
				CLANG_WARN_OBJC_IMPLICIT_RETAIN_SELF = YES;
				CLANG_WARN_OBJC_LITERAL_CONVERSION = YES;
				CLANG_WARN_OBJC_ROOT_CLASS = YES_ERROR;
				CLANG_WARN_QUOTED_INCLUDE_IN_FRAMEWORK_HEADER = YES;
				CLANG_WARN_RANGE_LOOP_ANALYSIS = YES;
				CLANG_WARN_STRICT_PROTOTYPES = YES;
				CLANG_WARN_SUSPICIOUS_MOVE = YES;
				CLANG_WARN_UNGUARDED_AVAILABILITY = YES_AGGRESSIVE;
				CLANG_WARN_UNREACHABLE_CODE = YES;
				CLANG_WARN__DUPLICATE_METHOD_MATCH = YES;
				COPY_PHASE_STRIP = NO;
				DEBUG_INFORMATION_FORMAT = dwarf;
				DEVELOPMENT_TEAM = 2AW3UV2BX4;
				ENABLE_STRICT_OBJC_MSGSEND = YES;
				ENABLE_TESTABILITY = YES;
				ENABLE_USER_SCRIPT_SANDBOXING = YES;
				GCC_C_LANGUAGE_STANDARD = gnu17;
				GCC_DYNAMIC_NO_PIC = NO;
				GCC_NO_COMMON_BLOCKS = YES;
				GCC_OPTIMIZATION_LEVEL = 0;
				GCC_PREPROCESSOR_DEFINITIONS = (
					"DEBUG=1",
					"$(inherited)",
				);
				GCC_WARN_64_TO_32_BIT_CONVERSION = YES;
				GCC_WARN_ABOUT_RETURN_TYPE = YES_ERROR;
				GCC_WARN_UNDECLARED_SELECTOR = YES;
				GCC_WARN_UNINITIALIZED_AUTOS = YES_AGGRESSIVE;
				GCC_WARN_UNUSED_FUNCTION = YES;
				GCC_WARN_UNUSED_VARIABLE = YES;
				IPHONEOS_DEPLOYMENT_TARGET = 26.4;
				LOCALIZATION_PREFERS_STRING_CATALOGS = YES;
				MTL_ENABLE_DEBUG_INFO = INCLUDE_SOURCE;
				MTL_FAST_MATH = YES;
				ONLY_ACTIVE_ARCH = YES;
				SDKROOT = iphoneos;
				SWIFT_ACTIVE_COMPILATION_CONDITIONS = "DEBUG $(inherited)";
				SWIFT_OPTIMIZATION_LEVEL = "-Onone";
			};
			name = Debug;
		};
		FA14EE8D2F879B0A006917FD /* Release */ = {
			isa = XCBuildConfiguration;
			buildSettings = {
				ALWAYS_SEARCH_USER_PATHS = NO;
				ASSETCATALOG_COMPILER_GENERATE_SWIFT_ASSET_SYMBOL_EXTENSIONS = YES;
				CLANG_ANALYZER_NONNULL = YES;
				CLANG_ANALYZER_NUMBER_OBJECT_CONVERSION = YES_AGGRESSIVE;
				CLANG_CXX_LANGUAGE_STANDARD = "gnu++20";
				CLANG_ENABLE_MODULES = YES;
				CLANG_ENABLE_OBJC_ARC = YES;
				CLANG_ENABLE_OBJC_WEAK = YES;
				CLANG_WARN_BLOCK_CAPTURE_AUTORELEASING = YES;
				CLANG_WARN_BOOL_CONVERSION = YES;
				CLANG_WARN_COMMA = YES;
				CLANG_WARN_CONSTANT_CONVERSION = YES;
				CLANG_WARN_DEPRECATED_OBJC_IMPLEMENTATIONS = YES;
				CLANG_WARN_DIRECT_OBJC_ISA_USAGE = YES_ERROR;
				CLANG_WARN_DOCUMENTATION_COMMENTS = YES;
				CLANG_WARN_EMPTY_BODY = YES;
				CLANG_WARN_ENUM_CONVERSION = YES;
				CLANG_WARN_INFINITE_RECURSION = YES;
				CLANG_WARN_INT_CONVERSION = YES;
				CLANG_WARN_NON_LITERAL_NULL_CONVERSION = YES;
				CLANG_WARN_OBJC_IMPLICIT_RETAIN_SELF = YES;
				CLANG_WARN_OBJC_LITERAL_CONVERSION = YES;
				CLANG_WARN_OBJC_ROOT_CLASS = YES_ERROR;
				CLANG_WARN_QUOTED_INCLUDE_IN_FRAMEWORK_HEADER = YES;
				CLANG_WARN_RANGE_LOOP_ANALYSIS = YES;
				CLANG_WARN_STRICT_PROTOTYPES = YES;
				CLANG_WARN_SUSPICIOUS_MOVE = YES;
				CLANG_WARN_UNGUARDED_AVAILABILITY = YES_AGGRESSIVE;
				CLANG_WARN_UNREACHABLE_CODE = YES;
				CLANG_WARN__DUPLICATE_METHOD_MATCH = YES;
				COPY_PHASE_STRIP = NO;
				DEBUG_INFORMATION_FORMAT = "dwarf-with-dsym";
				DEVELOPMENT_TEAM = 2AW3UV2BX4;
				ENABLE_NS_ASSERTIONS = NO;
				ENABLE_STRICT_OBJC_MSGSEND = YES;
				ENABLE_USER_SCRIPT_SANDBOXING = YES;
				GCC_C_LANGUAGE_STANDARD = gnu17;
				GCC_NO_COMMON_BLOCKS = YES;
				GCC_WARN_64_TO_32_BIT_CONVERSION = YES;
				GCC_WARN_ABOUT_RETURN_TYPE = YES_ERROR;
				GCC_WARN_UNDECLARED_SELECTOR = YES;
				GCC_WARN_UNINITIALIZED_AUTOS = YES_AGGRESSIVE;
				GCC_WARN_UNUSED_FUNCTION = YES;
				GCC_WARN_UNUSED_VARIABLE = YES;
				IPHONEOS_DEPLOYMENT_TARGET = 26.4;
				LOCALIZATION_PREFERS_STRING_CATALOGS = YES;
				MTL_ENABLE_DEBUG_INFO = NO;
				MTL_FAST_MATH = YES;
				SDKROOT = iphoneos;
				SWIFT_COMPILATION_MODE = wholemodule;
				VALIDATE_PRODUCT = YES;
			};
			name = Release;
		};
		FA14EE8F2F879B0A006917FD /* Debug */ = {
			isa = XCBuildConfiguration;
			buildSettings = {
				BUNDLE_LOADER = "$(TEST_HOST)";
				CODE_SIGN_STYLE = Automatic;
				CURRENT_PROJECT_VERSION = 1;
				DEVELOPMENT_TEAM = 2AW3UV2BX4;
				GENERATE_INFOPLIST_FILE = YES;
				IPHONEOS_DEPLOYMENT_TARGET = 15.0;
				MARKETING_VERSION = 1.0;
				PRODUCT_BUNDLE_IDENTIFIER = com.alexsla.EnginePrefsTests;
				PRODUCT_NAME = "$(TARGET_NAME)";
				STRING_CATALOG_GENERATE_SYMBOLS = NO;
				SWIFT_APPROACHABLE_CONCURRENCY = YES;
				SWIFT_EMIT_LOC_STRINGS = NO;
				SWIFT_UPCOMING_FEATURE_MEMBER_IMPORT_VISIBILITY = YES;
				SWIFT_VERSION = 5.0;
				TARGETED_DEVICE_FAMILY = "1,2";
				TEST_HOST = "$(BUILT_PRODUCTS_DIR)/EnginePrefs.app/$(BUNDLE_EXECUTABLE_FOLDER_PATH)/EnginePrefs";
			};
			name = Debug;
		};
		FA14EE902F879B0A006917FD /* Release */ = {
			isa = XCBuildConfiguration;
			buildSettings = {
				BUNDLE_LOADER = "$(TEST_HOST)";
				CODE_SIGN_STYLE = Automatic;
				CURRENT_PROJECT_VERSION = 1;
				DEVELOPMENT_TEAM = 2AW3UV2BX4;
				GENERATE_INFOPLIST_FILE = YES;
				IPHONEOS_DEPLOYMENT_TARGET = 15.0;
				MARKETING_VERSION = 1.0;
				PRODUCT_BUNDLE_IDENTIFIER = com.alexsla.EnginePrefsTests;
				PRODUCT_NAME = "$(TARGET_NAME)";
				STRING_CATALOG_GENERATE_SYMBOLS = NO;
				SWIFT_APPROACHABLE_CONCURRENCY = YES;
				SWIFT_EMIT_LOC_STRINGS = NO;
				SWIFT_UPCOMING_FEATURE_MEMBER_IMPORT_VISIBILITY = YES;
				SWIFT_VERSION = 5.0;
				TARGETED_DEVICE_FAMILY = "1,2";
				TEST_HOST = "$(BUILT_PRODUCTS_DIR)/EnginePrefs.app/$(BUNDLE_EXECUTABLE_FOLDER_PATH)/EnginePrefs";
			};
			name = Release;
		};
		FA14EE922F879B0A006917FD /* Debug */ = {
			isa = XCBuildConfiguration;
			buildSettings = {
				CODE_SIGN_STYLE = Automatic;
				CURRENT_PROJECT_VERSION = 1;
				DEVELOPMENT_TEAM = 2AW3UV2BX4;
				GENERATE_INFOPLIST_FILE = YES;
				MARKETING_VERSION = 1.0;
				PRODUCT_BUNDLE_IDENTIFIER = com.alexsla.EnginePrefsUITests;
				PRODUCT_NAME = "$(TARGET_NAME)";
				STRING_CATALOG_GENERATE_SYMBOLS = NO;
				SWIFT_APPROACHABLE_CONCURRENCY = YES;
				SWIFT_EMIT_LOC_STRINGS = NO;
				SWIFT_UPCOMING_FEATURE_MEMBER_IMPORT_VISIBILITY = YES;
				SWIFT_VERSION = 5.0;
				TARGETED_DEVICE_FAMILY = "1,2";
				TEST_TARGET_NAME = EnginePrefs;
			};
			name = Debug;
		};
		FA14EE932F879B0A006917FD /* Release */ = {
			isa = XCBuildConfiguration;
			buildSettings = {
				CODE_SIGN_STYLE = Automatic;
				CURRENT_PROJECT_VERSION = 1;
				DEVELOPMENT_TEAM = 2AW3UV2BX4;
				GENERATE_INFOPLIST_FILE = YES;
				MARKETING_VERSION = 1.0;
				PRODUCT_BUNDLE_IDENTIFIER = com.alexsla.EnginePrefsUITests;
				PRODUCT_NAME = "$(TARGET_NAME)";
				STRING_CATALOG_GENERATE_SYMBOLS = NO;
				SWIFT_APPROACHABLE_CONCURRENCY = YES;
				SWIFT_EMIT_LOC_STRINGS = NO;
				SWIFT_UPCOMING_FEATURE_MEMBER_IMPORT_VISIBILITY = YES;
				SWIFT_VERSION = 5.0;
				TARGETED_DEVICE_FAMILY = "1,2";
				TEST_TARGET_NAME = EnginePrefs;
			};
			name = Release;
		};
		FAC98A562FE3296200DA38B6 /* Debug */ = {
			isa = XCBuildConfiguration;
			buildSettings = {
				ASSETCATALOG_COMPILER_APPICON_NAME = AppIcon;
				ASSETCATALOG_COMPILER_GLOBAL_ACCENT_COLOR_NAME = AccentColor;
				CODE_SIGN_ENTITLEMENTS = "EnginePrefs macOS/EnginePrefs_macOS.entitlements";
				CODE_SIGN_STYLE = Automatic;
				COMBINE_HIDPI_IMAGES = YES;
				CURRENT_PROJECT_VERSION = 1;
				DEVELOPMENT_TEAM = 2AW3UV2BX4;
				ENABLE_APP_SANDBOX = YES;
				ENABLE_HARDENED_RUNTIME = YES;
				ENABLE_PREVIEWS = YES;
				ENABLE_USER_SELECTED_FILES = readonly;
				GENERATE_INFOPLIST_FILE = YES;
				INFOPLIST_FILE = "EnginePrefs macOS/Info.plist";
				INFOPLIST_KEY_NSHumanReadableCopyright = "";
				LD_RUNPATH_SEARCH_PATHS = (
					"$(inherited)",
					"@executable_path/../Frameworks",
				);
				MACOSX_DEPLOYMENT_TARGET = 13.0;
				MARKETING_VERSION = 1.0;
				PRODUCT_BUNDLE_IDENTIFIER = com.alexsla.EnginePrefs;
				PRODUCT_NAME = "$(TARGET_NAME)";
				REGISTER_APP_GROUPS = YES;
				SDKROOT = macosx;
				STRING_CATALOG_GENERATE_SYMBOLS = YES;
				SWIFT_APPROACHABLE_CONCURRENCY = YES;
				SWIFT_DEFAULT_ACTOR_ISOLATION = MainActor;
				SWIFT_EMIT_LOC_STRINGS = YES;
				SWIFT_UPCOMING_FEATURE_MEMBER_IMPORT_VISIBILITY = YES;
				SWIFT_VERSION = 5.0;
			};
			name = Debug;
		};
		FAC98A572FE3296200DA38B6 /* Release */ = {
			isa = XCBuildConfiguration;
			buildSettings = {
				ASSETCATALOG_COMPILER_APPICON_NAME = AppIcon;
				ASSETCATALOG_COMPILER_GLOBAL_ACCENT_COLOR_NAME = AccentColor;
				CODE_SIGN_ENTITLEMENTS = "EnginePrefs macOS/EnginePrefs_macOS.entitlements";
				CODE_SIGN_STYLE = Automatic;
				COMBINE_HIDPI_IMAGES = YES;
				CURRENT_PROJECT_VERSION = 1;
				DEVELOPMENT_TEAM = 2AW3UV2BX4;
				ENABLE_APP_SANDBOX = YES;
				ENABLE_HARDENED_RUNTIME = YES;
				ENABLE_PREVIEWS = YES;
				ENABLE_USER_SELECTED_FILES = readonly;
				GENERATE_INFOPLIST_FILE = YES;
				INFOPLIST_FILE = "EnginePrefs macOS/Info.plist";
				INFOPLIST_KEY_NSHumanReadableCopyright = "";
				LD_RUNPATH_SEARCH_PATHS = (
					"$(inherited)",
					"@executable_path/../Frameworks",
				);
				MACOSX_DEPLOYMENT_TARGET = 13.0;
				MARKETING_VERSION = 1.0;
				PRODUCT_BUNDLE_IDENTIFIER = com.alexsla.EnginePrefs;
				PRODUCT_NAME = "$(TARGET_NAME)";
				REGISTER_APP_GROUPS = YES;
				SDKROOT = macosx;
				STRING_CATALOG_GENERATE_SYMBOLS = YES;
				SWIFT_APPROACHABLE_CONCURRENCY = YES;
				SWIFT_DEFAULT_ACTOR_ISOLATION = MainActor;
				SWIFT_EMIT_LOC_STRINGS = YES;
				SWIFT_UPCOMING_FEATURE_MEMBER_IMPORT_VISIBILITY = YES;
				SWIFT_VERSION = 5.0;
			};
			name = Release;
		};
		FAC98A592FE3296200DA38B6 /* Debug */ = {
			isa = XCBuildConfiguration;
			buildSettings = {
				BUNDLE_LOADER = "$(TEST_HOST)";
				CODE_SIGN_STYLE = Automatic;
				CURRENT_PROJECT_VERSION = 1;
				DEVELOPMENT_TEAM = 2AW3UV2BX4;
				GENERATE_INFOPLIST_FILE = YES;
				MACOSX_DEPLOYMENT_TARGET = 26.5;
				MARKETING_VERSION = 1.0;
				PRODUCT_BUNDLE_IDENTIFIER = "com.alexsla.EnginePrefs-macOSTests";
				PRODUCT_NAME = "$(TARGET_NAME)";
				SDKROOT = macosx;
				STRING_CATALOG_GENERATE_SYMBOLS = NO;
				SWIFT_APPROACHABLE_CONCURRENCY = YES;
				SWIFT_EMIT_LOC_STRINGS = NO;
				SWIFT_UPCOMING_FEATURE_MEMBER_IMPORT_VISIBILITY = YES;
				SWIFT_VERSION = 5.0;
				TEST_HOST = "$(BUILT_PRODUCTS_DIR)/EnginePrefs macOS.app/$(BUNDLE_EXECUTABLE_FOLDER_PATH)/EnginePrefs macOS";
			};
			name = Debug;
		};
		FAC98A5A2FE3296200DA38B6 /* Release */ = {
			isa = XCBuildConfiguration;
			buildSettings = {
				BUNDLE_LOADER = "$(TEST_HOST)";
				CODE_SIGN_STYLE = Automatic;
				CURRENT_PROJECT_VERSION = 1;
				DEVELOPMENT_TEAM = 2AW3UV2BX4;
				GENERATE_INFOPLIST_FILE = YES;
				MACOSX_DEPLOYMENT_TARGET = 26.5;
				MARKETING_VERSION = 1.0;
				PRODUCT_BUNDLE_IDENTIFIER = "com.alexsla.EnginePrefs-macOSTests";
				PRODUCT_NAME = "$(TARGET_NAME)";
				SDKROOT = macosx;
				STRING_CATALOG_GENERATE_SYMBOLS = NO;
				SWIFT_APPROACHABLE_CONCURRENCY = YES;
				SWIFT_EMIT_LOC_STRINGS = NO;
				SWIFT_UPCOMING_FEATURE_MEMBER_IMPORT_VISIBILITY = YES;
				SWIFT_VERSION = 5.0;
				TEST_HOST = "$(BUILT_PRODUCTS_DIR)/EnginePrefs macOS.app/$(BUNDLE_EXECUTABLE_FOLDER_PATH)/EnginePrefs macOS";
			};
			name = Release;
		};
		FAC98A5C2FE3296200DA38B6 /* Debug */ = {
			isa = XCBuildConfiguration;
			buildSettings = {
				CODE_SIGN_STYLE = Automatic;
				CURRENT_PROJECT_VERSION = 1;
				DEVELOPMENT_TEAM = 2AW3UV2BX4;
				GENERATE_INFOPLIST_FILE = YES;
				MACOSX_DEPLOYMENT_TARGET = 26.5;
				MARKETING_VERSION = 1.0;
				PRODUCT_BUNDLE_IDENTIFIER = "com.alexsla.EnginePrefs-macOSUITests";
				PRODUCT_NAME = "$(TARGET_NAME)";
				SDKROOT = macosx;
				STRING_CATALOG_GENERATE_SYMBOLS = NO;
				SWIFT_APPROACHABLE_CONCURRENCY = YES;
				SWIFT_EMIT_LOC_STRINGS = NO;
				SWIFT_UPCOMING_FEATURE_MEMBER_IMPORT_VISIBILITY = YES;
				SWIFT_VERSION = 5.0;
				TEST_TARGET_NAME = "EnginePrefs macOS";
			};
			name = Debug;
		};
		FAC98A5D2FE3296200DA38B6 /* Release */ = {
			isa = XCBuildConfiguration;
			buildSettings = {
				CODE_SIGN_STYLE = Automatic;
				CURRENT_PROJECT_VERSION = 1;
				DEVELOPMENT_TEAM = 2AW3UV2BX4;
				GENERATE_INFOPLIST_FILE = YES;
				MACOSX_DEPLOYMENT_TARGET = 26.5;
				MARKETING_VERSION = 1.0;
				PRODUCT_BUNDLE_IDENTIFIER = "com.alexsla.EnginePrefs-macOSUITests";
				PRODUCT_NAME = "$(TARGET_NAME)";
				SDKROOT = macosx;
				STRING_CATALOG_GENERATE_SYMBOLS = NO;
				SWIFT_APPROACHABLE_CONCURRENCY = YES;
				SWIFT_EMIT_LOC_STRINGS = NO;
				SWIFT_UPCOMING_FEATURE_MEMBER_IMPORT_VISIBILITY = YES;
				SWIFT_VERSION = 5.0;
				TEST_TARGET_NAME = "EnginePrefs macOS";
			};
			name = Release;
		};
		FAC98A732FE32E9600DA38B6 /* Debug */ = {
			isa = XCBuildConfiguration;
			buildSettings = {
				CODE_SIGN_ENTITLEMENTS = "EnginePrefs Extension/EnginePrefs_Extension_macOS.entitlements";
				CODE_SIGN_STYLE = Automatic;
				CURRENT_PROJECT_VERSION = 1;
				DEVELOPMENT_TEAM = 2AW3UV2BX4;
				ENABLE_APP_SANDBOX = YES;
				ENABLE_HARDENED_RUNTIME = YES;
				GENERATE_INFOPLIST_FILE = YES;
				INFOPLIST_FILE = "EnginePrefs Extension/Info.plist";
				INFOPLIST_KEY_CFBundleDisplayName = "EnginePrefs Extension macOS";
				INFOPLIST_KEY_NSHumanReadableCopyright = "";
				LD_RUNPATH_SEARCH_PATHS = (
					"$(inherited)",
					"@executable_path/../Frameworks",
					"@executable_path/../../../../Frameworks",
				);
				MACOSX_DEPLOYMENT_TARGET = 11.0;
				MARKETING_VERSION = 1.0;
				OTHER_LDFLAGS = (
					"-framework",
					SafariServices,
				);
				PRODUCT_BUNDLE_IDENTIFIER = com.alexsla.EnginePrefs.Extension;
				PRODUCT_NAME = "$(TARGET_NAME)";
				SDKROOT = macosx;
				SKIP_INSTALL = YES;
				STRING_CATALOG_GENERATE_SYMBOLS = YES;
				SWIFT_APPROACHABLE_CONCURRENCY = YES;
				SWIFT_EMIT_LOC_STRINGS = YES;
				SWIFT_UPCOMING_FEATURE_MEMBER_IMPORT_VISIBILITY = YES;
				SWIFT_VERSION = 5.0;
			};
			name = Debug;
		};
		FAC98A742FE32E9600DA38B6 /* Release */ = {
			isa = XCBuildConfiguration;
			buildSettings = {
				CODE_SIGN_ENTITLEMENTS = "EnginePrefs Extension/EnginePrefs_Extension_macOS.entitlements";
				CODE_SIGN_STYLE = Automatic;
				CURRENT_PROJECT_VERSION = 1;
				DEVELOPMENT_TEAM = 2AW3UV2BX4;
				ENABLE_APP_SANDBOX = YES;
				ENABLE_HARDENED_RUNTIME = YES;
				GENERATE_INFOPLIST_FILE = YES;
				INFOPLIST_FILE = "EnginePrefs Extension/Info.plist";
				INFOPLIST_KEY_CFBundleDisplayName = "EnginePrefs Extension macOS";
				INFOPLIST_KEY_NSHumanReadableCopyright = "";
				LD_RUNPATH_SEARCH_PATHS = (
					"$(inherited)",
					"@executable_path/../Frameworks",
					"@executable_path/../../../../Frameworks",
				);
				MACOSX_DEPLOYMENT_TARGET = 11.0;
				MARKETING_VERSION = 1.0;
				OTHER_LDFLAGS = (
					"-framework",
					SafariServices,
				);
				PRODUCT_BUNDLE_IDENTIFIER = com.alexsla.EnginePrefs.Extension;
				PRODUCT_NAME = "$(TARGET_NAME)";
				SDKROOT = macosx;
				SKIP_INSTALL = YES;
				STRING_CATALOG_GENERATE_SYMBOLS = YES;
				SWIFT_APPROACHABLE_CONCURRENCY = YES;
				SWIFT_EMIT_LOC_STRINGS = YES;
				SWIFT_UPCOMING_FEATURE_MEMBER_IMPORT_VISIBILITY = YES;
				SWIFT_VERSION = 5.0;
			};
			name = Release;
		};
/* End XCBuildConfiguration section */

/* Begin XCConfigurationList section */
		FA14EE312F879B08006917FD /* Build configuration list for PBXProject "EnginePrefs" */ = {
			isa = XCConfigurationList;
			buildConfigurations = (
				FA14EE8C2F879B0A006917FD /* Debug */,
				FA14EE8D2F879B0A006917FD /* Release */,
			);
			defaultConfigurationIsVisible = 0;
			defaultConfigurationName = Release;
		};
		FA14EE842F879B0A006917FD /* Build configuration list for PBXNativeTarget "EnginePrefs Extension" */ = {
			isa = XCConfigurationList;
			buildConfigurations = (
				FA14EE852F879B0A006917FD /* Debug */,
				FA14EE862F879B0A006917FD /* Release */,
			);
			defaultConfigurationIsVisible = 0;
			defaultConfigurationName = Release;
		};
		FA14EE892F879B0A006917FD /* Build configuration list for PBXNativeTarget "EnginePrefs" */ = {
			isa = XCConfigurationList;
			buildConfigurations = (
				FA14EE8A2F879B0A006917FD /* Debug */,
				FA14EE8B2F879B0A006917FD /* Release */,
			);
			defaultConfigurationIsVisible = 0;
			defaultConfigurationName = Release;
		};
		FA14EE8E2F879B0A006917FD /* Build configuration list for PBXNativeTarget "EnginePrefsTests" */ = {
			isa = XCConfigurationList;
			buildConfigurations = (
				FA14EE8F2F879B0A006917FD /* Debug */,
				FA14EE902F879B0A006917FD /* Release */,
			);
			defaultConfigurationIsVisible = 0;
			defaultConfigurationName = Release;
		};
		FA14EE912F879B0A006917FD /* Build configuration list for PBXNativeTarget "EnginePrefsUITests" */ = {
			isa = XCConfigurationList;
			buildConfigurations = (
				FA14EE922F879B0A006917FD /* Debug */,
				FA14EE932F879B0A006917FD /* Release */,
			);
			defaultConfigurationIsVisible = 0;
			defaultConfigurationName = Release;
		};
		FAC98A552FE3296200DA38B6 /* Build configuration list for PBXNativeTarget "EnginePrefs macOS" */ = {
			isa = XCConfigurationList;
			buildConfigurations = (
				FAC98A562FE3296200DA38B6 /* Debug */,
				FAC98A572FE3296200DA38B6 /* Release */,
			);
			defaultConfigurationIsVisible = 0;
			defaultConfigurationName = Release;
		};
		FAC98A582FE3296200DA38B6 /* Build configuration list for PBXNativeTarget "EnginePrefs macOSTests" */ = {
			isa = XCConfigurationList;
			buildConfigurations = (
				FAC98A592FE3296200DA38B6 /* Debug */,
				FAC98A5A2FE3296200DA38B6 /* Release */,
			);
			defaultConfigurationIsVisible = 0;
			defaultConfigurationName = Release;
		};
		FAC98A5B2FE3296200DA38B6 /* Build configuration list for PBXNativeTarget "EnginePrefs macOSUITests" */ = {
			isa = XCConfigurationList;
			buildConfigurations = (
				FAC98A5C2FE3296200DA38B6 /* Debug */,
				FAC98A5D2FE3296200DA38B6 /* Release */,
			);
			defaultConfigurationIsVisible = 0;
			defaultConfigurationName = Release;
		};
		FAC98A722FE32E9600DA38B6 /* Build configuration list for PBXNativeTarget "EnginePrefs Extension macOS" */ = {
			isa = XCConfigurationList;
			buildConfigurations = (
				FAC98A732FE32E9600DA38B6 /* Debug */,
				FAC98A742FE32E9600DA38B6 /* Release */,
			);
			defaultConfigurationIsVisible = 0;
			defaultConfigurationName = Release;
		};
/* End XCConfigurationList section */
	};
	rootObject = FA14EE2E2F879B08006917FD /* Project object */;
}
